
Microsoft Visual Studio Solution File, Format Version 12.00
# Visual Studio 15
VisualStudioVersion = 15.0.28307.168
MinimumVisualStudioVersion = 10.0.40219.1
Project("{FAE04EC0-301F-11D3-BF4B-00C04F79EFBC}") = "Training_Jan15th", "Training_Jan15th\Training_Jan15th.csproj", "{93605E76-CC25-4987-BAF1-D1B23878E364}"
EndProject
Global
	GlobalSection(SolutionConfigurationPlatforms) = preSolution
		Debug|Any CPU = Debug|Any CPU
		Release|Any CPU = Release|Any CPU
	EndGlobalSection
	GlobalSection(ProjectConfigurationPlatforms) = postSolution
		{93605E76-CC25-4987-BAF1-D1B23878E364}.Debug|Any CPU.ActiveCfg = Debug|Any CPU
		{93605E76-CC25-4987-BAF1-D1B23878E364}.Debug|Any CPU.Build.0 = Debug|Any CPU
		{93605E76-CC25-4987-BAF1-D1B23878E364}.Release|Any CPU.ActiveCfg = Release|Any CPU
		{93605E76-CC25-4987-BAF1-D1B23878E364}.Release|Any CPU.Build.0 = Release|Any CPU
	EndGlobalSection
	GlobalSection(SolutionProperties) = preSolution
		HideSolutionNode = FALSE
	EndGlobalSection
	GlobalSection(ExtensibilityGlobals) = postSolution
		SolutionGuid = {E8E968DA-7578-4E56-A73A-EC95BE35F134}
	EndGlobalSection
EndGlobal
